
Microsoft Visual Studio Solution File, Format Version 12.00
# Visual Studio Version 16
VisualStudioVersion = 16.0.31424.327
MinimumVisualStudioVersion = 10.0.40219.1
Project("{FAE04EC0-301F-11D3-BF4B-00C04F79EFBC}") = "NF64.WinEventHook", "NF64.WinEventHook\NF64.WinEventHook.csproj", "{4C9E8B56-2036-4D98-902A-7A82DB7FDFCB}"
EndProject
Global
	GlobalSection(SolutionConfigurationPlatforms) = preSolution
		Debug|Any CPU = Debug|Any CPU
		Release|Any CPU = Release|Any CPU
	EndGlobalSection
	GlobalSection(ProjectConfigurationPlatforms) = postSolution
		{4C9E8B56-2036-4D98-902A-7A82DB7FDFCB}.Debug|Any CPU.ActiveCfg = Debug|Any CPU
		{4C9E8B56-2036-4D98-902A-7A82DB7FDFCB}.Debug|Any CPU.Build.0 = Debug|Any CPU
		{4C9E8B56-2036-4D98-902A-7A82DB7FDFCB}.Release|Any CPU.ActiveCfg = Release|Any CPU
		{4C9E8B56-2036-4D98-902A-7A82DB7FDFCB}.Release|Any CPU.Build.0 = Release|Any CPU
	EndGlobalSection
	GlobalSection(SolutionProperties) = preSolution
		HideSolutionNode = FALSE
	EndGlobalSection
	GlobalSection(ExtensibilityGlobals) = postSolution
		SolutionGuid = {02E0139E-1400-4848-886A-7DDC088B1E64}
	EndGlobalSection
EndGlobal
